
Microsoft Visual Studio Solution File, Format Version 12.00
# Visual Studio Version 16
VisualStudioVersion = 16.0.30114.105
MinimumVisualStudioVersion = 10.0.40219.1
Project("{FAE04EC0-301F-11D3-BF4B-00C04F79EFBC}") = "Kondital", "Kondital\Kondital.csproj", "{3D0960FB-CC45-437D-9D77-BEB5F5EE7FBB}"
EndProject
Global
	GlobalSection(SolutionConfigurationPlatforms) = preSolution
		Debug|Any CPU = Debug|Any CPU
		Release|Any CPU = Release|Any CPU
	EndGlobalSection
	GlobalSection(ProjectConfigurationPlatforms) = postSolution
		{3D0960FB-CC45-437D-9D77-BEB5F5EE7FBB}.Debug|Any CPU.ActiveCfg = Debug|Any CPU
		{3D0960FB-CC45-437D-9D77-BEB5F5EE7FBB}.Debug|Any CPU.Build.0 = Debug|Any CPU
		{3D0960FB-CC45-437D-9D77-BEB5F5EE7FBB}.Release|Any CPU.ActiveCfg = Release|Any CPU
		{3D0960FB-CC45-437D-9D77-BEB5F5EE7FBB}.Release|Any CPU.Build.0 = Release|Any CPU
	EndGlobalSection
	GlobalSection(SolutionProperties) = preSolution
		HideSolutionNode = FALSE
	EndGlobalSection
	GlobalSection(ExtensibilityGlobals) = postSolution
		SolutionGuid = {78D0DEEB-B39A-466B-B89F-03D6C14ED9B5}
	EndGlobalSection
EndGlobal
